// !$*UTF8*$!
{
	archiveVersion = 1;
	classes = {
	};
	objectVersion = 46;
	objects = {

/* Begin PBXBuildFile section */
		AF58D4DF1D217575004BBFE9 /* main.m in Sources */ = {isa = PBXBuildFile; fileRef = AF58D4DE1D217575004BBFE9 /* main.m */; };
		AF58D4E21D217575004BBFE9 /* AppDelegate.m in Sources */ = {isa = PBXBuildFile; fileRef = AF58D4E11D217575004BBFE9 /* AppDelegate.m */; };
		AF58D4E51D217575004BBFE9 /* ViewController.m in Sources */ = {isa = PBXBuildFile; fileRef = AF58D4E41D217575004BBFE9 /* ViewController.m */; };
		AF58D4E81D217575004BBFE9 /* Main.storyboard in Resources */ = {isa = PBXBuildFile; fileRef = AF58D4E61D217575004BBFE9 /* Main.storyboard */; };
		AF58D4EA1D217575004BBFE9 /* Assets.xcassets in Resources */ = {isa = PBXBuildFile; fileRef = AF58D4E91D217575004BBFE9 /* Assets.xcassets */; };
		AF58D4ED1D217575004BBFE9 /* LaunchScreen.storyboard in Resources */ = {isa = PBXBuildFile; fileRef = AF58D4EB1D217575004BBFE9 /* LaunchScreen.storyboard */; };
/* End PBXBuildFile section */

/* Begin PBXFileReference section */
		AF58D4DA1D217575004BBFE9 /* Autolayout-Textview-iOS-0616.app */ = {isa = PBXFileReference; explicitFileType = wrapper.application; includeInIndex = 0; path = "Autolayout-Textview-iOS-0616.app"; sourceTree = BUILT_PRODUCTS_DIR; };
		AF58D4DE1D217575004BBFE9 /* main.m */ = {isa = PBXFileReference; lastKnownFileType = sourcecode.c.objc; path = main.m; sourceTree = "<group>"; };
		AF58D4E01D217575004BBFE9 /* AppDelegate.h */ = {isa = PBXFileReference; lastKnownFileType = sourcecode.c.h; path = AppDelegate.h; sourceTree = "<group>"; };
		AF58D4E11D217575004BBFE9 /* AppDelegate.m */ = {isa = PBXFileReference; lastKnownFileType = sourcecode.c.objc; path = AppDelegate.m; sourceTree = "<group>"; };
		AF58D4E31D217575004BBFE9 /* ViewController.h */ = {isa = PBXFileReference; lastKnownFileType = sourcecode.c.h; path = ViewController.h; sourceTree = "<group>"; };
		AF58D4E41D217575004BBFE9 /* ViewController.m */ = {isa = PBXFileReference; lastKnownFileType = sourcecode.c.objc; path = ViewController.m; sourceTree = "<group>"; };
		AF58D4E71D217575004BBFE9 /* Base */ = {isa = PBXFileReference; lastKnownFileType = file.storyboard; name = Base; path = Base.lproj/Main.storyboard; sourceTree = "<group>"; };
		AF58D4E91D217575004BBFE9 /* Assets.xcassets */ = {isa = PBXFileReference; lastKnownFileType = folder.assetcatalog; path = Assets.xcassets; sourceTree = "<group>"; };
		AF58D4EC1D217575004BBFE9 /* Base */ = {isa = PBXFileReference; lastKnownFileType = file.storyboard; name = Base; path = Base.lproj/LaunchScreen.storyboard; sourceTree = "<group>"; };
		AF58D4EE1D217575004BBFE9 /* Info.plist */ = {isa = PBXFileReference; lastKnownFileType = text.plist.xml; path = Info.plist; sourceTree = "<group>"; };
/* End PBXFileReference section */

/* Begin PBXFrameworksBuildPhase section */
		AF58D4D71D217575004BBFE9 /* Frameworks */ = {
			isa = PBXFrameworksBuildPhase;
			buildActionMask = 2147483647;
			files = (
			);
			runOnlyForDeploymentPostprocessing = 0;
		};
/* End PBXFrameworksBuildPhase section */

/* Begin PBXGroup section */
		AF58D4D11D217575004BBFE9 = {
			isa = PBXGroup;
			children = (
				AF58D4DC1D217575004BBFE9 /* Autolayout-Textview-iOS-0616 */,
				AF58D4DB1D217575004BBFE9 /* Products */,
			);
			sourceTree = "<group>";
		};
		AF58D4DB1D217575004BBFE9 /* Products */ = {
			isa = PBXGroup;
			children = (
				AF58D4DA1D217575004BBFE9 /* Autolayout-Textview-iOS-0616.app */,
			);
			name = Products;
			sourceTree = "<group>";
		};
		AF58D4DC1D217575004BBFE9 /* Autolayout-Textview-iOS-0616 */ = {
			isa = PBXGroup;
			children = (
				AF58D4E01D217575004BBFE9 /* AppDelegate.h */,
				AF58D4E11D217575004BBFE9 /* AppDelegate.m */,
				AF58D4E31D217575004BBFE9 /* ViewController.h */,
				AF58D4E41D217575004BBFE9 /* ViewController.m */,
				AF58D4E61D217575004BBFE9 /* Main.storyboard */,
				AF58D4E91D217575004BBFE9 /* Assets.xcassets */,
				AF58D4EB1D217575004BBFE9 /* LaunchScreen.storyboard */,
				AF58D4EE1D217575004BBFE9 /* Info.plist */,
				AF58D4DD1D217575004BBFE9 /* Supporting Files */,
			);
			path = "Autolayout-Textview-iOS-0616";
			sourceTree = "<group>";
		};
		AF58D4DD1D217575004BBFE9 /* Supporting Files */ = {
			isa = PBXGroup;
			children = (
				AF58D4DE1D217575004BBFE9 /* main.m */,
			);
			name = "Supporting Files";
			sourceTree = "<group>";
		};
/* End PBXGroup section */

/* Begin PBXNativeTarget section */
		AF58D4D91D217575004BBFE9 /* Autolayout-Textview-iOS-0616 */ = {
			isa = PBXNativeTarget;
			buildConfigurationList = AF58D4F11D217575004BBFE9 /* Build configuration list for PBXNativeTarget "Autolayout-Textview-iOS-0616" */;
			buildPhases = (
				AF58D4D61D217575004BBFE9 /* Sources */,
				AF58D4D71D217575004BBFE9 /* Frameworks */,
				AF58D4D81D217575004BBFE9 /* Resources */,
			);
			buildRules = (
			);
			dependencies = (
			);
			name = "Autolayout-Textview-iOS-0616";
			productName = "Autolayout-Textview-iOS-0616";
			productReference = AF58D4DA1D217575004BBFE9 /* Autolayout-Textview-iOS-0616.app */;
			productType = "com.apple.product-type.application";
		};
/* End PBXNativeTarget section */

/* Begin PBXProject section */
		AF58D4D21D217575004BBFE9 /* Project object */ = {
			isa = PBXProject;
			attributes = {
				LastUpgradeCheck = 0730;
				ORGANIZATIONNAME = "Christopher Webb-Orenstein";
				TargetAttributes = {
					AF58D4D91D217575004BBFE9 = {
						CreatedOnToolsVersion = 7.3.1;
					};
				};
			};
			buildConfigurationList = AF58D4D51D217575004BBFE9 /* Build configuration list for PBXProject "Autolayout-Textview-iOS-0616" */;
			compatibilityVersion = "Xcode 3.2";
			developmentRegion = English;
			hasScannedForEncodings = 0;
			knownRegions = (
				en,
				Base,
			);
			mainGroup = AF58D4D11D217575004BBFE9;
			productRefGroup = AF58D4DB1D217575004BBFE9 /* Products */;
			projectDirPath = "";
			projectRoot = "";
			targets = (
				AF58D4D91D217575004BBFE9 /* Autolayout-Textview-iOS-0616 */,
			);
		};
/* End PBXProject section */

/* Begin PBXResourcesBuildPhase section */
		AF58D4D81D217575004BBFE9 /* Resources */ = {
			isa = PBXResourcesBuildPhase;
			buildActionMask = 2147483647;
			files = (
				AF58D4ED1D217575004BBFE9 /* LaunchScreen.storyboard in Resources */,
				AF58D4EA1D217575004BBFE9 /* Assets.xcassets in Resources */,
				AF58D4E81D217575004BBFE9 /* Main.storyboard in Resources */,
			);
			runOnlyForDeploymentPostprocessing = 0;
		};
/* End PBXResourcesBuildPhase section */

/* Begin PBXSourcesBuildPhase section */
		AF58D4D61D217575004BBFE9 /* Sources */ = {
			isa = PBXSourcesBuildPhase;
			buildActionMask = 2147483647;
			files = (
				AF58D4E51D217575004BBFE9 /* ViewController.m in Sources */,
				AF58D4E21D217575004BBFE9 /* AppDelegate.m in Sources */,
				AF58D4DF1D217575004BBFE9 /* main.m in Sources */,
			);
			runOnlyForDeploymentPostprocessing = 0;
		};
/* End PBXSourcesBuildPhase section */

/* Begin PBXVariantGroup section */
		AF58D4E61D217575004BBFE9 /* Main.storyboard */ = {
			isa = PBXVariantGroup;
			children = (
				AF58D4E71D217575004BBFE9 /* Base */,
			);
			name = Main.storyboard;
			sourceTree = "<group>";
		};
		AF58D4EB1D217575004BBFE9 /* LaunchScreen.storyboard */ = {
			isa = PBXVariantGroup;
			children = (
				AF58D4EC1D217575004BBFE9 /* Base */,
			);
			name = LaunchScreen.storyboard;
			sourceTree = "<group>";
		};
/* End PBXVariantGroup section */

/* Begin XCBuildConfiguration section */
		AF58D4EF1D217575004BBFE9 /* Debug */ = {
			isa = XCBuildConfiguration;
			buildSettings = {
				ALWAYS_SEARCH_USER_PATHS = NO;
				CLANG_ANALYZER_NONNULL = YES;
				CLANG_CXX_LANGUAGE_STANDARD = "gnu++0x";
				CLANG_CXX_LIBRARY = "libc++";
				CLANG_ENABLE_MODULES = YES;
				CLANG_ENABLE_OBJC_ARC = YES;
				CLANG_WARN_BOOL_CONVERSION = YES;
				CLANG_WARN_CONSTANT_CONVERSION = YES;
				CLANG_WARN_DIRECT_OBJC_ISA_USAGE = YES_ERROR;
				CLANG_WARN_EMPTY_BODY = YES;
				CLANG_WARN_ENUM_CONVERSION = YES;
				CLANG_WARN_INT_CONVERSION = YES;
				CLANG_WARN_OBJC_ROOT_CLASS = YES_ERROR;
				CLANG_WARN_UNREACHABLE_CODE = YES;
				CLANG_WARN__DUPLICATE_METHOD_MATCH = YES;
				"CODE_SIGN_IDENTITY[sdk=iphoneos*]" = "iPhone Developer";
				COPY_PHASE_STRIP = NO;
				DEBUG_INFORMATION_FORMAT = dwarf;
				ENABLE_STRICT_OBJC_MSGSEND = YES;
				ENABLE_TESTABILITY = YES;
				GCC_C_LANGUAGE_STANDARD = gnu99;
				GCC_DYNAMIC_NO_PIC = NO;
				GCC_NO_COMMON_BLOCKS = YES;
				GCC_OPTIMIZATION_LEVEL = 0;
				GCC_PREPROCESSOR_DEFINITIONS = (
					"DEBUG=1",
					"$(inherited)",
				);
				GCC_WARN_64_TO_32_BIT_CONVERSION = YES;
				GCC_WARN_ABOUT_RETURN_TYPE = YES_ERROR;
				GCC_WARN_UNDECLARED_SELECTOR = YES;
				GCC_WARN_UNINITIALIZED_AUTOS = YES_AGGRESSIVE;
				GCC_WARN_UNUSED_FUNCTION = YES;
				GCC_WARN_UNUSED_VARIABLE = YES;
				IPHONEOS_DEPLOYMENT_TARGET = 9.3;
				MTL_ENABLE_DEBUG_INFO = YES;
				ONLY_ACTIVE_ARCH = YES;
				SDKROOT = iphoneos;
				TARGETED_DEVICE_FAMILY = "1,2";
			};
			name = Debug;
		};
		AF58D4F01D217575004BBFE9 /* Release */ = {
			isa = XCBuildConfiguration;
			buildSettings = {
				ALWAYS_SEARCH_USER_PATHS = NO;
				CLANG_ANALYZER_NONNULL = YES;
				CLANG_CXX_LANGUAGE_STANDARD = "gnu++0x";
				CLANG_CXX_LIBRARY = "libc++";
				CLANG_ENABLE_MODULES = YES;
				CLANG_ENABLE_OBJC_ARC = YES;
				CLANG_WARN_BOOL_CONVERSION = YES;
				CLANG_WARN_CONSTANT_CONVERSION = YES;
				CLANG_WARN_DIRECT_OBJC_ISA_USAGE = YES_ERROR;
				CLANG_WARN_EMPTY_BODY = YES;
				CLANG_WARN_ENUM_CONVERSION = YES;
				CLANG_WARN_INT_CONVERSION = YES;
				CLANG_WARN_OBJC_ROOT_CLASS = YES_ERROR;
				CLANG_WARN_UNREACHABLE_CODE = YES;
				CLANG_WARN__DUPLICATE_METHOD_MATCH = YES;
				"CODE_SIGN_IDENTITY[sdk=iphoneos*]" = "iPhone Developer";
				COPY_PHASE_STRIP = NO;
				DEBUG_INFORMATION_FORMAT = "dwarf-with-dsym";
				ENABLE_NS_ASSERTIONS = NO;
				ENABLE_STRICT_OBJC_MSGSEND = YES;
				GCC_C_LANGUAGE_STANDARD = gnu99;
				GCC_NO_COMMON_BLOCKS = YES;
				GCC_WARN_64_TO_32_BIT_CONVERSION = YES;
				GCC_WARN_ABOUT_RETURN_TYPE = YES_ERROR;
				GCC_WARN_UNDECLARED_SELECTOR = YES;
				GCC_WARN_UNINITIALIZED_AUTOS = YES_AGGRESSIVE;
				GCC_WARN_UNUSED_FUNCTION = YES;
				GCC_WARN_UNUSED_VARIABLE = YES;
				IPHONEOS_DEPLOYMENT_TARGET = 9.3;
				MTL_ENABLE_DEBUG_INFO = NO;
				SDKROOT = iphoneos;
				TARGETED_DEVICE_FAMILY = "1,2";
				VALIDATE_PRODUCT = YES;
			};
			name = Release;
		};
		AF58D4F21D217575004BBFE9 /* Debug */ = {
			isa = XCBuildConfiguration;
			buildSettings = {
				ASSETCATALOG_COMPILER_APPICON_NAME = AppIcon;
				INFOPLIST_FILE = "Autolayout-Textview-iOS-0616/Info.plist";
				LD_RUNPATH_SEARCH_PATHS = "$(inherited) @executable_path/Frameworks";
				PRODUCT_BUNDLE_IDENTIFIER = "com.Webb.C.Autolayout-Textview-iOS-0616";
				PRODUCT_NAME = "$(TARGET_NAME)";
			};
			name = Debug;
		};
		AF58D4F31D217575004BBFE9 /* Release */ = {
			isa = XCBuildConfiguration;
			buildSettings = {
				ASSETCATALOG_COMPILER_APPICON_NAME = AppIcon;
				INFOPLIST_FILE = "Autolayout-Textview-iOS-0616/Info.plist";
				LD_RUNPATH_SEARCH_PATHS = "$(inherited) @executable_path/Frameworks";
				PRODUCT_BUNDLE_IDENTIFIER = "com.Webb.C.Autolayout-Textview-iOS-0616";
				PRODUCT_NAME = "$(TARGET_NAME)";
			};
			name = Release;
		};
/* End XCBuildConfiguration section */

/* Begin XCConfigurationList section */
		AF58D4D51D217575004BBFE9 /* Build configuration list for PBXProject "Autolayout-Textview-iOS-0616" */ = {
			isa = XCConfigurationList;
			buildConfigurations = (
				AF58D4EF1D217575004BBFE9 /* Debug */,
				AF58D4F01D217575004BBFE9 /* Release */,
			);
			defaultConfigurationIsVisible = 0;
			defaultConfigurationName = Release;
		};
		AF58D4F11D217575004BBFE9 /* Build configuration list for PBXNativeTarget "Autolayout-Textview-iOS-0616" */ = {
			isa = XCConfigurationList;
			buildConfigurations = (
				AF58D4F21D217575004BBFE9 /* Debug */,
				AF58D4F31D217575004BBFE9 /* Release */,
			);
			defaultConfigurationIsVisible = 0;
		};
/* End XCConfigurationList section */
	};
	rootObject = AF58D4D21D217575004BBFE9 /* Project object */;
}
